
Microsoft Visual Studio Solution File, Format Version 12.00
# Visual Studio Version 16
VisualStudioVersion = 16.0.29920.165
MinimumVisualStudioVersion = 10.0.40219.1
Project("{9A19103F-16F7-4668-BE54-9A1E7A4F7556}") = "Mineral_Management.API", "Mineral_Management.API\Mineral_Management.API.csproj", "{1EFD143E-6CED-488C-9312-572307288634}"
EndProject
Project("{9A19103F-16F7-4668-BE54-9A1E7A4F7556}") = "Mineral_Management.Business", "Mineral_Management.Business\Mineral_Management.Business.csproj", "{5A4569F5-FBBA-4E0A-8158-AA20FB4FC546}"
EndProject
Project("{9A19103F-16F7-4668-BE54-9A1E7A4F7556}") = "Mineral_Management.Data", "Mineral_Management.Data\Mineral_Management.Data.csproj", "{0D0088B8-4C21-47B1-A2A1-64662F0E1A7C}"
EndProject
Global
	GlobalSection(SolutionConfigurationPlatforms) = preSolution
		Debug|Any CPU = Debug|Any CPU
		Release|Any CPU = Release|Any CPU
	EndGlobalSection
	GlobalSection(ProjectConfigurationPlatforms) = postSolution
		{1EFD143E-6CED-488C-9312-572307288634}.Debug|Any CPU.ActiveCfg = Debug|Any CPU
		{1EFD143E-6CED-488C-9312-572307288634}.Debug|Any CPU.Build.0 = Debug|Any CPU
		{1EFD143E-6CED-488C-9312-572307288634}.Release|Any CPU.ActiveCfg = Release|Any CPU
		{1EFD143E-6CED-488C-9312-572307288634}.Release|Any CPU.Build.0 = Release|Any CPU
		{5A4569F5-FBBA-4E0A-8158-AA20FB4FC546}.Debug|Any CPU.ActiveCfg = Debug|Any CPU
		{5A4569F5-FBBA-4E0A-8158-AA20FB4FC546}.Debug|Any CPU.Build.0 = Debug|Any CPU
		{5A4569F5-FBBA-4E0A-8158-AA20FB4FC546}.Release|Any CPU.ActiveCfg = Release|Any CPU
		{5A4569F5-FBBA-4E0A-8158-AA20FB4FC546}.Release|Any CPU.Build.0 = Release|Any CPU
		{0D0088B8-4C21-47B1-A2A1-64662F0E1A7C}.Debug|Any CPU.ActiveCfg = Debug|Any CPU
		{0D0088B8-4C21-47B1-A2A1-64662F0E1A7C}.Debug|Any CPU.Build.0 = Debug|Any CPU
		{0D0088B8-4C21-47B1-A2A1-64662F0E1A7C}.Release|Any CPU.ActiveCfg = Release|Any CPU
		{0D0088B8-4C21-47B1-A2A1-64662F0E1A7C}.Release|Any CPU.Build.0 = Release|Any CPU
	EndGlobalSection
	GlobalSection(SolutionProperties) = preSolution
		HideSolutionNode = FALSE
	EndGlobalSection
	GlobalSection(ExtensibilityGlobals) = postSolution
		SolutionGuid = {B972017E-2A9C-4522-B892-E57DC4CDE67E}
	EndGlobalSection
EndGlobal
