
Microsoft Visual Studio Solution File, Format Version 12.00
# Visual Studio Version 16
VisualStudioVersion = 16.0.30011.22
MinimumVisualStudioVersion = 10.0.40219.1
Project("{FAE04EC0-301F-11D3-BF4B-00C04F79EFBC}") = "Mineral_Management.UWP", "Mineral_Management\Mineral_Management.UWP\Mineral_Management.UWP.csproj", "{02DC69AB-0CF1-472D-9FAA-B13278788C5B}"
EndProject
Project("{FAE04EC0-301F-11D3-BF4B-00C04F79EFBC}") = "Mineral_Management.Android", "Mineral_Management\Mineral_Management.Android\Mineral_Management.Android.csproj", "{B43D0C6B-C821-49A0-8286-1D7F7367EFC4}"
EndProject
Project("{FAE04EC0-301F-11D3-BF4B-00C04F79EFBC}") = "Mineral_Management.iOS", "Mineral_Management\Mineral_Management.iOS\Mineral_Management.iOS.csproj", "{618F208E-CC1C-4693-B23F-D31A33D67534}"
EndProject
Project("{9A19103F-16F7-4668-BE54-9A1E7A4F7556}") = "Mineral_Management", "Mineral_Management\Mineral_Management\Mineral_Management.csproj", "{03B5919E-DD1F-4F23-939A-C3E0AE0EDDBF}"
EndProject
Project("{9A19103F-16F7-4668-BE54-9A1E7A4F7556}") = "Mineral_Management.API", "MineralAPI\Mineral_Management\Mineral_Management.API\Mineral_Management.API.csproj", "{020A48BB-F8C7-4FC7-98CC-A0F5C6C26D03}"
EndProject
Project("{9A19103F-16F7-4668-BE54-9A1E7A4F7556}") = "Mineral_Management.Business", "MineralAPI\Mineral_Management\Mineral_Management.Business\Mineral_Management.Business.csproj", "{04E22879-4E7B-4ABA-943B-FF91535367A7}"
EndProject
Project("{9A19103F-16F7-4668-BE54-9A1E7A4F7556}") = "Mineral_Management.Data", "MineralAPI\Mineral_Management\Mineral_Management.Data\Mineral_Management.Data.csproj", "{C7311657-F246-4C24-899C-62929160E408}"
EndProject
Global
	GlobalSection(SolutionConfigurationPlatforms) = preSolution
		Debug|Any CPU = Debug|Any CPU
		Debug|ARM = Debug|ARM
		Debug|iPhone = Debug|iPhone
		Debug|iPhoneSimulator = Debug|iPhoneSimulator
		Debug|x64 = Debug|x64
		Debug|x86 = Debug|x86
		Release|Any CPU = Release|Any CPU
		Release|ARM = Release|ARM
		Release|iPhone = Release|iPhone
		Release|iPhoneSimulator = Release|iPhoneSimulator
		Release|x64 = Release|x64
		Release|x86 = Release|x86
	EndGlobalSection
	GlobalSection(ProjectConfigurationPlatforms) = postSolution
		{02DC69AB-0CF1-472D-9FAA-B13278788C5B}.Debug|Any CPU.ActiveCfg = Debug|x86
		{02DC69AB-0CF1-472D-9FAA-B13278788C5B}.Debug|Any CPU.Build.0 = Debug|x86
		{02DC69AB-0CF1-472D-9FAA-B13278788C5B}.Debug|Any CPU.Deploy.0 = Debug|x86
		{02DC69AB-0CF1-472D-9FAA-B13278788C5B}.Debug|ARM.ActiveCfg = Debug|ARM
		{02DC69AB-0CF1-472D-9FAA-B13278788C5B}.Debug|ARM.Build.0 = Debug|ARM
		{02DC69AB-0CF1-472D-9FAA-B13278788C5B}.Debug|ARM.Deploy.0 = Debug|ARM
		{02DC69AB-0CF1-472D-9FAA-B13278788C5B}.Debug|iPhone.ActiveCfg = Debug|x86
		{02DC69AB-0CF1-472D-9FAA-B13278788C5B}.Debug|iPhone.Build.0 = Debug|x86
		{02DC69AB-0CF1-472D-9FAA-B13278788C5B}.Debug|iPhone.Deploy.0 = Debug|x86
		{02DC69AB-0CF1-472D-9FAA-B13278788C5B}.Debug|iPhoneSimulator.ActiveCfg = Debug|x86
		{02DC69AB-0CF1-472D-9FAA-B13278788C5B}.Debug|iPhoneSimulator.Build.0 = Debug|x86
		{02DC69AB-0CF1-472D-9FAA-B13278788C5B}.Debug|iPhoneSimulator.Deploy.0 = Debug|x86
		{02DC69AB-0CF1-472D-9FAA-B13278788C5B}.Debug|x64.ActiveCfg = Debug|x64
		{02DC69AB-0CF1-472D-9FAA-B13278788C5B}.Debug|x64.Build.0 = Debug|x64
		{02DC69AB-0CF1-472D-9FAA-B13278788C5B}.Debug|x64.Deploy.0 = Debug|x64
		{02DC69AB-0CF1-472D-9FAA-B13278788C5B}.Debug|x86.ActiveCfg = Debug|x86
		{02DC69AB-0CF1-472D-9FAA-B13278788C5B}.Debug|x86.Build.0 = Debug|x86
		{02DC69AB-0CF1-472D-9FAA-B13278788C5B}.Debug|x86.Deploy.0 = Debug|x86
		{02DC69AB-0CF1-472D-9FAA-B13278788C5B}.Release|Any CPU.ActiveCfg = Release|x86
		{02DC69AB-0CF1-472D-9FAA-B13278788C5B}.Release|Any CPU.Build.0 = Release|x86
		{02DC69AB-0CF1-472D-9FAA-B13278788C5B}.Release|Any CPU.Deploy.0 = Release|x86
		{02DC69AB-0CF1-472D-9FAA-B13278788C5B}.Release|ARM.ActiveCfg = Release|ARM
		{02DC69AB-0CF1-472D-9FAA-B13278788C5B}.Release|ARM.Build.0 = Release|ARM
		{02DC69AB-0CF1-472D-9FAA-B13278788C5B}.Release|ARM.Deploy.0 = Release|ARM
		{02DC69AB-0CF1-472D-9FAA-B13278788C5B}.Release|iPhone.ActiveCfg = Release|x86
		{02DC69AB-0CF1-472D-9FAA-B13278788C5B}.Release|iPhone.Build.0 = Release|x86
		{02DC69AB-0CF1-472D-9FAA-B13278788C5B}.Release|iPhone.Deploy.0 = Release|x86
		{02DC69AB-0CF1-472D-9FAA-B13278788C5B}.Release|iPhoneSimulator.ActiveCfg = Release|x86
		{02DC69AB-0CF1-472D-9FAA-B13278788C5B}.Release|iPhoneSimulator.Build.0 = Release|x86
		{02DC69AB-0CF1-472D-9FAA-B13278788C5B}.Release|iPhoneSimulator.Deploy.0 = Release|x86
		{02DC69AB-0CF1-472D-9FAA-B13278788C5B}.Release|x64.ActiveCfg = Release|x64
		{02DC69AB-0CF1-472D-9FAA-B13278788C5B}.Release|x64.Build.0 = Release|x64
		{02DC69AB-0CF1-472D-9FAA-B13278788C5B}.Release|x64.Deploy.0 = Release|x64
		{02DC69AB-0CF1-472D-9FAA-B13278788C5B}.Release|x86.ActiveCfg = Release|x86
		{02DC69AB-0CF1-472D-9FAA-B13278788C5B}.Release|x86.Build.0 = Release|x86
		{02DC69AB-0CF1-472D-9FAA-B13278788C5B}.Release|x86.Deploy.0 = Release|x86
		{B43D0C6B-C821-49A0-8286-1D7F7367EFC4}.Debug|Any CPU.ActiveCfg = Debug|Any CPU
		{B43D0C6B-C821-49A0-8286-1D7F7367EFC4}.Debug|Any CPU.Build.0 = Debug|Any CPU
		{B43D0C6B-C821-49A0-8286-1D7F7367EFC4}.Debug|Any CPU.Deploy.0 = Debug|Any CPU
		{B43D0C6B-C821-49A0-8286-1D7F7367EFC4}.Debug|ARM.ActiveCfg = Debug|Any CPU
		{B43D0C6B-C821-49A0-8286-1D7F7367EFC4}.Debug|ARM.Build.0 = Debug|Any CPU
		{B43D0C6B-C821-49A0-8286-1D7F7367EFC4}.Debug|ARM.Deploy.0 = Debug|Any CPU
		{B43D0C6B-C821-49A0-8286-1D7F7367EFC4}.Debug|iPhone.ActiveCfg = Debug|Any CPU
		{B43D0C6B-C821-49A0-8286-1D7F7367EFC4}.Debug|iPhone.Build.0 = Debug|Any CPU
		{B43D0C6B-C821-49A0-8286-1D7F7367EFC4}.Debug|iPhone.Deploy.0 = Debug|Any CPU
		{B43D0C6B-C821-49A0-8286-1D7F7367EFC4}.Debug|iPhoneSimulator.ActiveCfg = Debug|Any CPU
		{B43D0C6B-C821-49A0-8286-1D7F7367EFC4}.Debug|iPhoneSimulator.Build.0 = Debug|Any CPU
		{B43D0C6B-C821-49A0-8286-1D7F7367EFC4}.Debug|iPhoneSimulator.Deploy.0 = Debug|Any CPU
		{B43D0C6B-C821-49A0-8286-1D7F7367EFC4}.Debug|x64.ActiveCfg = Debug|Any CPU
		{B43D0C6B-C821-49A0-8286-1D7F7367EFC4}.Debug|x64.Build.0 = Debug|Any CPU
		{B43D0C6B-C821-49A0-8286-1D7F7367EFC4}.Debug|x64.Deploy.0 = Debug|Any CPU
		{B43D0C6B-C821-49A0-8286-1D7F7367EFC4}.Debug|x86.ActiveCfg = Debug|Any CPU
		{B43D0C6B-C821-49A0-8286-1D7F7367EFC4}.Debug|x86.Build.0 = Debug|Any CPU
		{B43D0C6B-C821-49A0-8286-1D7F7367EFC4}.Debug|x86.Deploy.0 = Debug|Any CPU
		{B43D0C6B-C821-49A0-8286-1D7F7367EFC4}.Release|Any CPU.ActiveCfg = Release|Any CPU
		{B43D0C6B-C821-49A0-8286-1D7F7367EFC4}.Release|Any CPU.Build.0 = Release|Any CPU
		{B43D0C6B-C821-49A0-8286-1D7F7367EFC4}.Release|Any CPU.Deploy.0 = Release|Any CPU
		{B43D0C6B-C821-49A0-8286-1D7F7367EFC4}.Release|ARM.ActiveCfg = Release|Any CPU
		{B43D0C6B-C821-49A0-8286-1D7F7367EFC4}.Release|ARM.Build.0 = Release|Any CPU
		{B43D0C6B-C821-49A0-8286-1D7F7367EFC4}.Release|ARM.Deploy.0 = Release|Any CPU
		{B43D0C6B-C821-49A0-8286-1D7F7367EFC4}.Release|iPhone.ActiveCfg = Release|Any CPU
		{B43D0C6B-C821-49A0-8286-1D7F7367EFC4}.Release|iPhone.Build.0 = Release|Any CPU
		{B43D0C6B-C821-49A0-8286-1D7F7367EFC4}.Release|iPhone.Deploy.0 = Release|Any CPU
		{B43D0C6B-C821-49A0-8286-1D7F7367EFC4}.Release|iPhoneSimulator.ActiveCfg = Release|Any CPU
		{B43D0C6B-C821-49A0-8286-1D7F7367EFC4}.Release|iPhoneSimulator.Build.0 = Release|Any CPU
		{B43D0C6B-C821-49A0-8286-1D7F7367EFC4}.Release|iPhoneSimulator.Deploy.0 = Release|Any CPU
		{B43D0C6B-C821-49A0-8286-1D7F7367EFC4}.Release|x64.ActiveCfg = Release|Any CPU
		{B43D0C6B-C821-49A0-8286-1D7F7367EFC4}.Release|x64.Build.0 = Release|Any CPU
		{B43D0C6B-C821-49A0-8286-1D7F7367EFC4}.Release|x64.Deploy.0 = Release|Any CPU
		{B43D0C6B-C821-49A0-8286-1D7F7367EFC4}.Release|x86.ActiveCfg = Release|Any CPU
		{B43D0C6B-C821-49A0-8286-1D7F7367EFC4}.Release|x86.Build.0 = Release|Any CPU
		{B43D0C6B-C821-49A0-8286-1D7F7367EFC4}.Release|x86.Deploy.0 = Release|Any CPU
		{618F208E-CC1C-4693-B23F-D31A33D67534}.Debug|Any CPU.ActiveCfg = Debug|iPhone
		{618F208E-CC1C-4693-B23F-D31A33D67534}.Debug|Any CPU.Build.0 = Debug|iPhone
		{618F208E-CC1C-4693-B23F-D31A33D67534}.Debug|Any CPU.Deploy.0 = Debug|iPhone
		{618F208E-CC1C-4693-B23F-D31A33D67534}.Debug|ARM.ActiveCfg = Debug|iPhone
		{618F208E-CC1C-4693-B23F-D31A33D67534}.Debug|ARM.Build.0 = Debug|iPhone
		{618F208E-CC1C-4693-B23F-D31A33D67534}.Debug|ARM.Deploy.0 = Debug|iPhone
		{618F208E-CC1C-4693-B23F-D31A33D67534}.Debug|iPhone.ActiveCfg = Debug|iPhone
		{618F208E-CC1C-4693-B23F-D31A33D67534}.Debug|iPhone.Build.0 = Debug|iPhone
		{618F208E-CC1C-4693-B23F-D31A33D67534}.Debug|iPhone.Deploy.0 = Debug|iPhone
		{618F208E-CC1C-4693-B23F-D31A33D67534}.Debug|iPhoneSimulator.ActiveCfg = Debug|iPhoneSimulator
		{618F208E-CC1C-4693-B23F-D31A33D67534}.Debug|iPhoneSimulator.Build.0 = Debug|iPhoneSimulator
		{618F208E-CC1C-4693-B23F-D31A33D67534}.Debug|iPhoneSimulator.Deploy.0 = Debug|iPhoneSimulator
		{618F208E-CC1C-4693-B23F-D31A33D67534}.Debug|x64.ActiveCfg = Debug|iPhone
		{618F208E-CC1C-4693-B23F-D31A33D67534}.Debug|x64.Build.0 = Debug|iPhone
		{618F208E-CC1C-4693-B23F-D31A33D67534}.Debug|x64.Deploy.0 = Debug|iPhone
		{618F208E-CC1C-4693-B23F-D31A33D67534}.Debug|x86.ActiveCfg = Debug|iPhone
		{618F208E-CC1C-4693-B23F-D31A33D67534}.Debug|x86.Build.0 = Debug|iPhone
		{618F208E-CC1C-4693-B23F-D31A33D67534}.Debug|x86.Deploy.0 = Debug|iPhone
		{618F208E-CC1C-4693-B23F-D31A33D67534}.Release|Any CPU.ActiveCfg = Release|iPhone
		{618F208E-CC1C-4693-B23F-D31A33D67534}.Release|Any CPU.Build.0 = Release|iPhone
		{618F208E-CC1C-4693-B23F-D31A33D67534}.Release|Any CPU.Deploy.0 = Release|iPhone
		{618F208E-CC1C-4693-B23F-D31A33D67534}.Release|ARM.ActiveCfg = Release|iPhone
		{618F208E-CC1C-4693-B23F-D31A33D67534}.Release|ARM.Build.0 = Release|iPhone
		{618F208E-CC1C-4693-B23F-D31A33D67534}.Release|ARM.Deploy.0 = Release|iPhone
		{618F208E-CC1C-4693-B23F-D31A33D67534}.Release|iPhone.ActiveCfg = Release|iPhone
		{618F208E-CC1C-4693-B23F-D31A33D67534}.Release|iPhone.Build.0 = Release|iPhone
		{618F208E-CC1C-4693-B23F-D31A33D67534}.Release|iPhone.Deploy.0 = Release|iPhone
		{618F208E-CC1C-4693-B23F-D31A33D67534}.Release|iPhoneSimulator.ActiveCfg = Release|iPhoneSimulator
		{618F208E-CC1C-4693-B23F-D31A33D67534}.Release|iPhoneSimulator.Build.0 = Release|iPhoneSimulator
		{618F208E-CC1C-4693-B23F-D31A33D67534}.Release|iPhoneSimulator.Deploy.0 = Release|iPhoneSimulator
		{618F208E-CC1C-4693-B23F-D31A33D67534}.Release|x64.ActiveCfg = Release|iPhone
		{618F208E-CC1C-4693-B23F-D31A33D67534}.Release|x64.Build.0 = Release|iPhone
		{618F208E-CC1C-4693-B23F-D31A33D67534}.Release|x64.Deploy.0 = Release|iPhone
		{618F208E-CC1C-4693-B23F-D31A33D67534}.Release|x86.ActiveCfg = Release|iPhone
		{618F208E-CC1C-4693-B23F-D31A33D67534}.Release|x86.Build.0 = Release|iPhone
		{618F208E-CC1C-4693-B23F-D31A33D67534}.Release|x86.Deploy.0 = Release|iPhone
		{03B5919E-DD1F-4F23-939A-C3E0AE0EDDBF}.Debug|Any CPU.ActiveCfg = Debug|Any CPU
		{03B5919E-DD1F-4F23-939A-C3E0AE0EDDBF}.Debug|Any CPU.Build.0 = Debug|Any CPU
		{03B5919E-DD1F-4F23-939A-C3E0AE0EDDBF}.Debug|Any CPU.Deploy.0 = Debug|Any CPU
		{03B5919E-DD1F-4F23-939A-C3E0AE0EDDBF}.Debug|ARM.ActiveCfg = Debug|Any CPU
		{03B5919E-DD1F-4F23-939A-C3E0AE0EDDBF}.Debug|ARM.Build.0 = Debug|Any CPU
		{03B5919E-DD1F-4F23-939A-C3E0AE0EDDBF}.Debug|ARM.Deploy.0 = Debug|Any CPU
		{03B5919E-DD1F-4F23-939A-C3E0AE0EDDBF}.Debug|iPhone.ActiveCfg = Debug|Any CPU
		{03B5919E-DD1F-4F23-939A-C3E0AE0EDDBF}.Debug|iPhone.Build.0 = Debug|Any CPU
		{03B5919E-DD1F-4F23-939A-C3E0AE0EDDBF}.Debug|iPhone.Deploy.0 = Debug|Any CPU
		{03B5919E-DD1F-4F23-939A-C3E0AE0EDDBF}.Debug|iPhoneSimulator.ActiveCfg = Debug|Any CPU
		{03B5919E-DD1F-4F23-939A-C3E0AE0EDDBF}.Debug|iPhoneSimulator.Build.0 = Debug|Any CPU
		{03B5919E-DD1F-4F23-939A-C3E0AE0EDDBF}.Debug|iPhoneSimulator.Deploy.0 = Debug|Any CPU
		{03B5919E-DD1F-4F23-939A-C3E0AE0EDDBF}.Debug|x64.ActiveCfg = Debug|Any CPU
		{03B5919E-DD1F-4F23-939A-C3E0AE0EDDBF}.Debug|x64.Build.0 = Debug|Any CPU
		{03B5919E-DD1F-4F23-939A-C3E0AE0EDDBF}.Debug|x64.Deploy.0 = Debug|Any CPU
		{03B5919E-DD1F-4F23-939A-C3E0AE0EDDBF}.Debug|x86.ActiveCfg = Debug|Any CPU
		{03B5919E-DD1F-4F23-939A-C3E0AE0EDDBF}.Debug|x86.Build.0 = Debug|Any CPU
		{03B5919E-DD1F-4F23-939A-C3E0AE0EDDBF}.Debug|x86.Deploy.0 = Debug|Any CPU
		{03B5919E-DD1F-4F23-939A-C3E0AE0EDDBF}.Release|Any CPU.ActiveCfg = Release|Any CPU
		{03B5919E-DD1F-4F23-939A-C3E0AE0EDDBF}.Release|Any CPU.Build.0 = Release|Any CPU
		{03B5919E-DD1F-4F23-939A-C3E0AE0EDDBF}.Release|Any CPU.Deploy.0 = Release|Any CPU
		{03B5919E-DD1F-4F23-939A-C3E0AE0EDDBF}.Release|ARM.ActiveCfg = Release|Any CPU
		{03B5919E-DD1F-4F23-939A-C3E0AE0EDDBF}.Release|ARM.Build.0 = Release|Any CPU
		{03B5919E-DD1F-4F23-939A-C3E0AE0EDDBF}.Release|ARM.Deploy.0 = Release|Any CPU
		{03B5919E-DD1F-4F23-939A-C3E0AE0EDDBF}.Release|iPhone.ActiveCfg = Release|Any CPU
		{03B5919E-DD1F-4F23-939A-C3E0AE0EDDBF}.Release|iPhone.Build.0 = Release|Any CPU
		{03B5919E-DD1F-4F23-939A-C3E0AE0EDDBF}.Release|iPhone.Deploy.0 = Release|Any CPU
		{03B5919E-DD1F-4F23-939A-C3E0AE0EDDBF}.Release|iPhoneSimulator.ActiveCfg = Release|Any CPU
		{03B5919E-DD1F-4F23-939A-C3E0AE0EDDBF}.Release|iPhoneSimulator.Build.0 = Release|Any CPU
		{03B5919E-DD1F-4F23-939A-C3E0AE0EDDBF}.Release|iPhoneSimulator.Deploy.0 = Release|Any CPU
		{03B5919E-DD1F-4F23-939A-C3E0AE0EDDBF}.Release|x64.ActiveCfg = Release|Any CPU
		{03B5919E-DD1F-4F23-939A-C3E0AE0EDDBF}.Release|x64.Build.0 = Release|Any CPU
		{03B5919E-DD1F-4F23-939A-C3E0AE0EDDBF}.Release|x64.Deploy.0 = Release|Any CPU
		{03B5919E-DD1F-4F23-939A-C3E0AE0EDDBF}.Release|x86.ActiveCfg = Release|Any CPU
		{03B5919E-DD1F-4F23-939A-C3E0AE0EDDBF}.Release|x86.Build.0 = Release|Any CPU
		{03B5919E-DD1F-4F23-939A-C3E0AE0EDDBF}.Release|x86.Deploy.0 = Release|Any CPU
		{020A48BB-F8C7-4FC7-98CC-A0F5C6C26D03}.Debug|Any CPU.ActiveCfg = Debug|Any CPU
		{020A48BB-F8C7-4FC7-98CC-A0F5C6C26D03}.Debug|Any CPU.Build.0 = Debug|Any CPU
		{020A48BB-F8C7-4FC7-98CC-A0F5C6C26D03}.Debug|ARM.ActiveCfg = Debug|Any CPU
		{020A48BB-F8C7-4FC7-98CC-A0F5C6C26D03}.Debug|ARM.Build.0 = Debug|Any CPU
		{020A48BB-F8C7-4FC7-98CC-A0F5C6C26D03}.Debug|iPhone.ActiveCfg = Debug|Any CPU
		{020A48BB-F8C7-4FC7-98CC-A0F5C6C26D03}.Debug|iPhone.Build.0 = Debug|Any CPU
		{020A48BB-F8C7-4FC7-98CC-A0F5C6C26D03}.Debug|iPhoneSimulator.ActiveCfg = Debug|Any CPU
		{020A48BB-F8C7-4FC7-98CC-A0F5C6C26D03}.Debug|iPhoneSimulator.Build.0 = Debug|Any CPU
		{020A48BB-F8C7-4FC7-98CC-A0F5C6C26D03}.Debug|x64.ActiveCfg = Debug|Any CPU
		{020A48BB-F8C7-4FC7-98CC-A0F5C6C26D03}.Debug|x64.Build.0 = Debug|Any CPU
		{020A48BB-F8C7-4FC7-98CC-A0F5C6C26D03}.Debug|x86.ActiveCfg = Debug|Any CPU
		{020A48BB-F8C7-4FC7-98CC-A0F5C6C26D03}.Debug|x86.Build.0 = Debug|Any CPU
		{020A48BB-F8C7-4FC7-98CC-A0F5C6C26D03}.Release|Any CPU.ActiveCfg = Release|Any CPU
		{020A48BB-F8C7-4FC7-98CC-A0F5C6C26D03}.Release|Any CPU.Build.0 = Release|Any CPU
		{020A48BB-F8C7-4FC7-98CC-A0F5C6C26D03}.Release|ARM.ActiveCfg = Release|Any CPU
		{020A48BB-F8C7-4FC7-98CC-A0F5C6C26D03}.Release|ARM.Build.0 = Release|Any CPU
		{020A48BB-F8C7-4FC7-98CC-A0F5C6C26D03}.Release|iPhone.ActiveCfg = Release|Any CPU
		{020A48BB-F8C7-4FC7-98CC-A0F5C6C26D03}.Release|iPhone.Build.0 = Release|Any CPU
		{020A48BB-F8C7-4FC7-98CC-A0F5C6C26D03}.Release|iPhoneSimulator.ActiveCfg = Release|Any CPU
		{020A48BB-F8C7-4FC7-98CC-A0F5C6C26D03}.Release|iPhoneSimulator.Build.0 = Release|Any CPU
		{020A48BB-F8C7-4FC7-98CC-A0F5C6C26D03}.Release|x64.ActiveCfg = Release|Any CPU
		{020A48BB-F8C7-4FC7-98CC-A0F5C6C26D03}.Release|x64.Build.0 = Release|Any CPU
		{020A48BB-F8C7-4FC7-98CC-A0F5C6C26D03}.Release|x86.ActiveCfg = Release|Any CPU
		{020A48BB-F8C7-4FC7-98CC-A0F5C6C26D03}.Release|x86.Build.0 = Release|Any CPU
		{04E22879-4E7B-4ABA-943B-FF91535367A7}.Debug|Any CPU.ActiveCfg = Debug|Any CPU
		{04E22879-4E7B-4ABA-943B-FF91535367A7}.Debug|Any CPU.Build.0 = Debug|Any CPU
		{04E22879-4E7B-4ABA-943B-FF91535367A7}.Debug|ARM.ActiveCfg = Debug|Any CPU
		{04E22879-4E7B-4ABA-943B-FF91535367A7}.Debug|ARM.Build.0 = Debug|Any CPU
		{04E22879-4E7B-4ABA-943B-FF91535367A7}.Debug|iPhone.ActiveCfg = Debug|Any CPU
		{04E22879-4E7B-4ABA-943B-FF91535367A7}.Debug|iPhone.Build.0 = Debug|Any CPU
		{04E22879-4E7B-4ABA-943B-FF91535367A7}.Debug|iPhoneSimulator.ActiveCfg = Debug|Any CPU
		{04E22879-4E7B-4ABA-943B-FF91535367A7}.Debug|iPhoneSimulator.Build.0 = Debug|Any CPU
		{04E22879-4E7B-4ABA-943B-FF91535367A7}.Debug|x64.ActiveCfg = Debug|Any CPU
		{04E22879-4E7B-4ABA-943B-FF91535367A7}.Debug|x64.Build.0 = Debug|Any CPU
		{04E22879-4E7B-4ABA-943B-FF91535367A7}.Debug|x86.ActiveCfg = Debug|Any CPU
		{04E22879-4E7B-4ABA-943B-FF91535367A7}.Debug|x86.Build.0 = Debug|Any CPU
		{04E22879-4E7B-4ABA-943B-FF91535367A7}.Release|Any CPU.ActiveCfg = Release|Any CPU
		{04E22879-4E7B-4ABA-943B-FF91535367A7}.Release|Any CPU.Build.0 = Release|Any CPU
		{04E22879-4E7B-4ABA-943B-FF91535367A7}.Release|ARM.ActiveCfg = Release|Any CPU
		{04E22879-4E7B-4ABA-943B-FF91535367A7}.Release|ARM.Build.0 = Release|Any CPU
		{04E22879-4E7B-4ABA-943B-FF91535367A7}.Release|iPhone.ActiveCfg = Release|Any CPU
		{04E22879-4E7B-4ABA-943B-FF91535367A7}.Release|iPhone.Build.0 = Release|Any CPU
		{04E22879-4E7B-4ABA-943B-FF91535367A7}.Release|iPhoneSimulator.ActiveCfg = Release|Any CPU
		{04E22879-4E7B-4ABA-943B-FF91535367A7}.Release|iPhoneSimulator.Build.0 = Release|Any CPU
		{04E22879-4E7B-4ABA-943B-FF91535367A7}.Release|x64.ActiveCfg = Release|Any CPU
		{04E22879-4E7B-4ABA-943B-FF91535367A7}.Release|x64.Build.0 = Release|Any CPU
		{04E22879-4E7B-4ABA-943B-FF91535367A7}.Release|x86.ActiveCfg = Release|Any CPU
		{04E22879-4E7B-4ABA-943B-FF91535367A7}.Release|x86.Build.0 = Release|Any CPU
		{C7311657-F246-4C24-899C-62929160E408}.Debug|Any CPU.ActiveCfg = Debug|Any CPU
		{C7311657-F246-4C24-899C-62929160E408}.Debug|Any CPU.Build.0 = Debug|Any CPU
		{C7311657-F246-4C24-899C-62929160E408}.Debug|ARM.ActiveCfg = Debug|Any CPU
		{C7311657-F246-4C24-899C-62929160E408}.Debug|ARM.Build.0 = Debug|Any CPU
		{C7311657-F246-4C24-899C-62929160E408}.Debug|iPhone.ActiveCfg = Debug|Any CPU
		{C7311657-F246-4C24-899C-62929160E408}.Debug|iPhone.Build.0 = Debug|Any CPU
		{C7311657-F246-4C24-899C-62929160E408}.Debug|iPhoneSimulator.ActiveCfg = Debug|Any CPU
		{C7311657-F246-4C24-899C-62929160E408}.Debug|iPhoneSimulator.Build.0 = Debug|Any CPU
		{C7311657-F246-4C24-899C-62929160E408}.Debug|x64.ActiveCfg = Debug|Any CPU
		{C7311657-F246-4C24-899C-62929160E408}.Debug|x64.Build.0 = Debug|Any CPU
		{C7311657-F246-4C24-899C-62929160E408}.Debug|x86.ActiveCfg = Debug|Any CPU
		{C7311657-F246-4C24-899C-62929160E408}.Debug|x86.Build.0 = Debug|Any CPU
		{C7311657-F246-4C24-899C-62929160E408}.Release|Any CPU.ActiveCfg = Release|Any CPU
		{C7311657-F246-4C24-899C-62929160E408}.Release|Any CPU.Build.0 = Release|Any CPU
		{C7311657-F246-4C24-899C-62929160E408}.Release|ARM.ActiveCfg = Release|Any CPU
		{C7311657-F246-4C24-899C-62929160E408}.Release|ARM.Build.0 = Release|Any CPU
		{C7311657-F246-4C24-899C-62929160E408}.Release|iPhone.ActiveCfg = Release|Any CPU
		{C7311657-F246-4C24-899C-62929160E408}.Release|iPhone.Build.0 = Release|Any CPU
		{C7311657-F246-4C24-899C-62929160E408}.Release|iPhoneSimulator.ActiveCfg = Release|Any CPU
		{C7311657-F246-4C24-899C-62929160E408}.Release|iPhoneSimulator.Build.0 = Release|Any CPU
		{C7311657-F246-4C24-899C-62929160E408}.Release|x64.ActiveCfg = Release|Any CPU
		{C7311657-F246-4C24-899C-62929160E408}.Release|x64.Build.0 = Release|Any CPU
		{C7311657-F246-4C24-899C-62929160E408}.Release|x86.ActiveCfg = Release|Any CPU
		{C7311657-F246-4C24-899C-62929160E408}.Release|x86.Build.0 = Release|Any CPU
	EndGlobalSection
	GlobalSection(SolutionProperties) = preSolution
		HideSolutionNode = FALSE
	EndGlobalSection
	GlobalSection(ExtensibilityGlobals) = postSolution
		SolutionGuid = {6CF2B38F-9E7F-4639-AFAC-1ECAE2E65969}
	EndGlobalSection
EndGlobal
